
Microsoft Visual Studio Solution File, Format Version 12.00
# Visual Studio Version 16
VisualStudioVersion = 16.0.30523.141
MinimumVisualStudioVersion = 10.0.40219.1
Project("{FAE04EC0-301F-11D3-BF4B-00C04F79EFBC}") = "App_lab1", "App_lab1\App_lab1.csproj", "{283180EC-BB21-421A-9E47-EDB48070AAB5}"
EndProject
Project("{FAE04EC0-301F-11D3-BF4B-00C04F79EFBC}") = "Collection_lab1", "Collection_lab1\Collection_lab1.csproj", "{3D7FD3BF-580C-4303-B867-DFD3D0479CB0}"
EndProject
Global
	GlobalSection(SolutionConfigurationPlatforms) = preSolution
		Debug|Any CPU = Debug|Any CPU
		Release|Any CPU = Release|Any CPU
	EndGlobalSection
	GlobalSection(ProjectConfigurationPlatforms) = postSolution
		{283180EC-BB21-421A-9E47-EDB48070AAB5}.Debug|Any CPU.ActiveCfg = Debug|Any CPU
		{283180EC-BB21-421A-9E47-EDB48070AAB5}.Debug|Any CPU.Build.0 = Debug|Any CPU
		{283180EC-BB21-421A-9E47-EDB48070AAB5}.Release|Any CPU.ActiveCfg = Release|Any CPU
		{283180EC-BB21-421A-9E47-EDB48070AAB5}.Release|Any CPU.Build.0 = Release|Any CPU
		{3D7FD3BF-580C-4303-B867-DFD3D0479CB0}.Debug|Any CPU.ActiveCfg = Debug|Any CPU
		{3D7FD3BF-580C-4303-B867-DFD3D0479CB0}.Debug|Any CPU.Build.0 = Debug|Any CPU
		{3D7FD3BF-580C-4303-B867-DFD3D0479CB0}.Release|Any CPU.ActiveCfg = Release|Any CPU
		{3D7FD3BF-580C-4303-B867-DFD3D0479CB0}.Release|Any CPU.Build.0 = Release|Any CPU
	EndGlobalSection
	GlobalSection(SolutionProperties) = preSolution
		HideSolutionNode = FALSE
	EndGlobalSection
	GlobalSection(ExtensibilityGlobals) = postSolution
		SolutionGuid = {6E635DFC-7C1D-4B61-A977-8590E03D20A5}
	EndGlobalSection
EndGlobal
